# THIS IS AN AUTOGENERATED FILE. DO NOT EDIT THIS FILE DIRECTLY.
# yarn lockfile v1


"@rollup/plugin-node-resolve@^6.0.0":
  version "6.1.0"
  resolved "https://registry.yarnpkg.com/@rollup/plugin-node-resolve/-/plugin-node-resolve-6.1.0.tgz#0d2909f4bf606ae34d43a9bc8be06a9b0c850cf0"
  integrity sha512-Cv7PDIvxdE40SWilY5WgZpqfIUEaDxFxs89zCAHjqyRwlTSuql4M5hjIuc5QYJkOH0/vyiyNXKD72O+LhRipGA==
  dependencies:
    "@rollup/pluginutils" "^3.0.0"
    "@types/resolve" "0.0.8"
    builtin-modules "^3.1.0"
    is-module "^1.0.0"
    resolve "^1.11.1"

"@rollup/pluginutils@^3.0.0":
  version "3.0.10"
  resolved "https://registry.yarnpkg.com/@rollup/pluginutils/-/pluginutils-3.0.10.tgz#a659b9025920378494cd8f8c59fbf9b3a50d5f12"
  integrity sha512-d44M7t+PjmMrASHbhgpSbVgtL6EFyX7J4mYxwQ/c5eoaE6N2VgCgEcWVzNnwycIloti+/MpwFr8qfw+nRw00sw==
  dependencies:
    "@types/estree" "0.0.39"
    estree-walker "^1.0.1"
    picomatch "^2.2.2"

"@types/estree@*":
  version "0.0.44"
  resolved "https://registry.yarnpkg.com/@types/estree/-/estree-0.0.44.tgz#980cc5a29a3ef3bea6ff1f7d021047d7ea575e21"
  integrity sha512-iaIVzr+w2ZJ5HkidlZ3EJM8VTZb2MJLCjw3V+505yVts0gRC4UMvjw0d1HPtGqI/HQC/KdsYtayfzl+AXY2R8g==

"@types/estree@0.0.39":
  version "0.0.39"
  resolved "https://registry.yarnpkg.com/@types/estree/-/estree-0.0.39.tgz#e177e699ee1b8c22d23174caaa7422644389509f"
  integrity sha512-EYNwp3bU+98cpU4lAWYYL7Zz+2gryWH1qbdDTidVd6hkiR6weksdbMadyXKXNPEkQFhXM+hVO9ZygomHXp+AIw==

"@types/node@*":
  version "14.0.5"
  resolved "https://registry.yarnpkg.com/@types/node/-/node-14.0.5.tgz#3d03acd3b3414cf67faf999aed11682ed121f22b"
  integrity sha512-90hiq6/VqtQgX8Sp0EzeIsv3r+ellbGj4URKj5j30tLlZvRUpnAe9YbYnjl3pJM93GyXU0tghHhvXHq+5rnCKA==

"@types/resolve@0.0.8":
  version "0.0.8"
  resolved "https://registry.yarnpkg.com/@types/resolve/-/resolve-0.0.8.tgz#f26074d238e02659e323ce1a13d041eee280e194"
  integrity sha512-auApPaJf3NPfe18hSoJkp8EbZzer2ISk7o8mCC3M9he/a04+gbMF97NkpD2S8riMGvm4BMRI59/SZQSaLTKpsQ==
  dependencies:
    "@types/node" "*"

acorn@^7.1.0:
  version "7.2.0"
  resolved "https://registry.yarnpkg.com/acorn/-/acorn-7.2.0.tgz#17ea7e40d7c8640ff54a694c889c26f31704effe"
  integrity sha512-apwXVmYVpQ34m/i71vrApRrRKCWQnZZF1+npOD0WV5xZFfwWOmKGQ2RWlfdy9vWITsenisM8M0Qeq8agcFHNiQ==

builtin-modules@^3.1.0:
  version "3.1.0"
  resolved "https://registry.yarnpkg.com/builtin-modules/-/builtin-modules-3.1.0.tgz#aad97c15131eb76b65b50ef208e7584cd76a7484"
  integrity sha512-k0KL0aWZuBt2lrxrcASWDfwOLMnodeQjodT/1SxEQAXsHANgo6ZC/VEaSEHCXt7aSTZ4/4H5LKa+tBXmW7Vtvw==

estree-walker@^0.6.1:
  version "0.6.1"
  resolved "https://registry.yarnpkg.com/estree-walker/-/estree-walker-0.6.1.tgz#53049143f40c6eb918b23671d1fe3219f3a1b362"
  integrity sha512-SqmZANLWS0mnatqbSfRP5g8OXZC12Fgg1IwNtLsyHDzJizORW4khDfjPqJZsemPWBB2uqykUah5YpQ6epsqC/w==

estree-walker@^1.0.1:
  version "1.0.1"
  resolved "https://registry.yarnpkg.com/estree-walker/-/estree-walker-1.0.1.tgz#31bc5d612c96b704106b477e6dd5d8aa138cb700"
  integrity sha512-1fMXF3YP4pZZVozF8j/ZLfvnR8NSIljt56UhbZ5PeeDmmGHpgpdwQt7ITlGvYaQukCvuBRMLEiKiYC+oeIg4cg==

is-module@^1.0.0:
  version "1.0.0"
  resolved "https://registry.yarnpkg.com/is-module/-/is-module-1.0.0.tgz#3258fb69f78c14d5b815d664336b4cffb6441591"
  integrity sha1-Mlj7afeMFNW4FdZkM2tM/7ZEFZE=

path-data-parser@0.1.0, path-data-parser@^0.1.0:
  version "0.1.0"
  resolved "https://registry.yarnpkg.com/path-data-parser/-/path-data-parser-0.1.0.tgz#8f5ba5cc70fc7becb3dcefaea08e2659aba60b8c"
  integrity sha512-NOnmBpt5Y2RWbuv0LMzsayp3lVylAHLPUTut412ZA3l+C4uw4ZVkQbjShYCQ8TCpUMdPapr4YjUqLYD6v68j+w==

path-parse@^1.0.6:
  version "1.0.6"
  resolved "https://registry.yarnpkg.com/path-parse/-/path-parse-1.0.6.tgz#d62dbb5679405d72c4737ec58600e9ddcf06d24c"
  integrity sha512-GSmOT2EbHrINBf9SR7CDELwlJ8AENk3Qn7OikK4nFYAu3Ote2+JYNVvkpAEQm3/TLNEJFD/xZJjzyxg3KBWOzw==

picomatch@^2.2.2:
  version "2.2.2"
  resolved "https://registry.yarnpkg.com/picomatch/-/picomatch-2.2.2.tgz#21f333e9b6b8eaff02468f5146ea406d345f4dad"
  integrity sha512-q0M/9eZHzmr0AulXyPwNfZjtwZ/RBZlbN3K3CErVrk50T2ASYI7Bye0EvekFY3IP1Nt2DHu0re+V2ZHIpMkuWg==

points-on-curve@0.2.0, points-on-curve@^0.2.0:
  version "0.2.0"
  resolved "https://registry.yarnpkg.com/points-on-curve/-/points-on-curve-0.2.0.tgz#7dbb98c43791859434284761330fa893cb81b4d1"
  integrity sha512-0mYKnYYe9ZcqMCWhUjItv/oHjvgEsfKvnUTg8sAtnHr3GVy7rGkXCb6d5cSyqrWqL4k81b9CPg3urd+T7aop3A==

points-on-path@^0.2.1:
  version "0.2.1"
  resolved "https://registry.yarnpkg.com/points-on-path/-/points-on-path-0.2.1.tgz#553202b5424c53bed37135b318858eacff85dd52"
  integrity sha512-25ClnWWuw7JbWZcgqY/gJ4FQWadKxGWk+3kR/7kD0tCaDtPPMj7oHu2ToLaVhfpnHrZzYby2w6tUA0eOIuUg8g==
  dependencies:
    path-data-parser "0.1.0"
    points-on-curve "0.2.0"

require-relative@^0.8.7:
  version "0.8.7"
  resolved "https://registry.yarnpkg.com/require-relative/-/require-relative-0.8.7.tgz#7999539fc9e047a37928fa196f8e1563dabd36de"
  integrity sha1-eZlTn8ngR6N5KPoZb44VY9q9Nt4=

resolve@^1.11.1:
  version "1.17.0"
  resolved "https://registry.yarnpkg.com/resolve/-/resolve-1.17.0.tgz#b25941b54968231cc2d1bb76a79cb7f2c0bf8444"
  integrity sha512-ic+7JYiV8Vi2yzQGFWOkiZD5Z9z7O2Zhm9XMaTxdJExKasieFCr+yXZ/WmXsckHiKl12ar0y6XiXDx3m4RHn1w==
  dependencies:
    path-parse "^1.0.6"

rollup-plugin-svelte@^5.0.0:
  version "5.2.2"
  resolved "https://registry.yarnpkg.com/rollup-plugin-svelte/-/rollup-plugin-svelte-5.2.2.tgz#709244243c79ae47394a6943a3d899516d4a610d"
  integrity sha512-I+TJ2T+VLKGbKQcpeMJ4AR2ciROqTZNjxbiMiH4Cn1yByaB9OEuy3CnrgHHuWatQcPuF3yIViyKX7OlETWDKOQ==
  dependencies:
    require-relative "^0.8.7"
    rollup-pluginutils "^2.8.2"
    sourcemap-codec "^1.4.8"

rollup-pluginutils@^2.8.2:
  version "2.8.2"
  resolved "https://registry.yarnpkg.com/rollup-pluginutils/-/rollup-pluginutils-2.8.2.tgz#72f2af0748b592364dbd3389e600e5a9444a351e"
  integrity sha512-EEp9NhnUkwY8aif6bxgovPHMoMoNr2FulJziTndpt5H9RdwC47GSGuII9XxpSdzVGM0GWrNPHV6ie1LTNJPaLQ==
  dependencies:
    estree-walker "^0.6.1"

rollup@^1.20.0:
  version "1.32.1"
  resolved "https://registry.yarnpkg.com/rollup/-/rollup-1.32.1.tgz#4480e52d9d9e2ae4b46ba0d9ddeaf3163940f9c4"
  integrity sha512-/2HA0Ec70TvQnXdzynFffkjA6XN+1e2pEv/uKS5Ulca40g2L7KuOE3riasHoNVHOsFD5KKZgDsMk1CP3Tw9s+A==
  dependencies:
    "@types/estree" "*"
    "@types/node" "*"
    acorn "^7.1.0"

rough-notation@^0.1.0:
  version "0.1.0"
  resolved "https://registry.yarnpkg.com/rough-notation/-/rough-notation-0.1.0.tgz#3c145f29e6511231eb76355cf5538946c3e2d246"
  integrity sha512-wQfATs6tYVE8FrPHu37C0TqRuwG3CapNtDWJ4H8D07QB4FNeXoUe+UY3cdulg6fao01dZ3qXr+niBUWsZrq1FA==
  dependencies:
    roughjs "^4.3.1"

roughjs@^4.3.1:
  version "4.3.1"
  resolved "https://registry.yarnpkg.com/roughjs/-/roughjs-4.3.1.tgz#b7af0b205c94bc3b79ee5a7eae1e09d5063bc3fe"
  integrity sha512-m42+OBaBR7x5UhIKyjBCnWqqkaEkBKLkXvHv4pOWJXPofvMnQY4ZcFEQlqf3coKKyZN2lfWMyx7QXSg2GD7SGA==
  dependencies:
    path-data-parser "^0.1.0"
    points-on-curve "^0.2.0"
    points-on-path "^0.2.1"

sourcemap-codec@^1.4.8:
  version "1.4.8"
  resolved "https://registry.yarnpkg.com/sourcemap-codec/-/sourcemap-codec-1.4.8.tgz#ea804bd94857402e6992d05a38ef1ae35a9ab4c4"
  integrity sha512-9NykojV5Uih4lgo5So5dtw+f0JgJX30KCNI8gwhz2J9A15wD0Ml6tjHKwf6fTSa6fAdVBdZeNOs9eJ71qCk8vA==

svelte@^3.0.0:
  version "3.23.0"
  resolved "https://registry.yarnpkg.com/svelte/-/svelte-3.23.0.tgz#bbcd6887cf588c24a975b14467455abfff9acd3f"
  integrity sha512-cnyd96bK/Nw5DnYuB1hzm5cl6+I1fpmdKOteA7KLzU9KGLsLmvWsSkSKbcntzODCLmSySN3HjcgTHRo6/rJNTw==
